// !$*UTF8*$!
{
	archiveVersion = 1;
	classes = {
	};
	objectVersion = 56;
	objects = {

/* Begin PBXBuildFile section */
		6E916DEA2C781C52008B65A0 /* AppDelegate.swift in Sources */ = {isa = PBXBuildFile; fileRef = 6E916DE92C781C52008B65A0 /* AppDelegate.swift */; };
		6E916DEC2C781C52008B65A0 /* SceneDelegate.swift in Sources */ = {isa = PBXBuildFile; fileRef = 6E916DEB2C781C52008B65A0 /* SceneDelegate.swift */; };
		6E916DEE2C781C52008B65A0 /* ViewController.swift in Sources */ = {isa = PBXBuildFile; fileRef = 6E916DED2C781C52008B65A0 /* ViewController.swift */; };
		6E916DF12C781C52008B65A0 /* Main.storyboard in Resources */ = {isa = PBXBuildFile; fileRef = 6E916DEF2C781C52008B65A0 /* Main.storyboard */; };
		6E916DF32C781C59008B65A0 /* Assets.xcassets in Resources */ = {isa = PBXBuildFile; fileRef = 6E916DF22C781C59008B65A0 /* Assets.xcassets */; };
		6E916DF62C781C59008B65A0 /* LaunchScreen.storyboard in Resources */ = {isa = PBXBuildFile; fileRef = 6E916DF42C781C59008B65A0 /* LaunchScreen.storyboard */; };
		6E916E002C781CD7008B65A0 /* HomeView.swift in Sources */ = {isa = PBXBuildFile; fileRef = 6E916DFF2C781CD7008B65A0 /* HomeView.swift */; };
		6E916E022C781CE3008B65A0 /* HomeInteractor.swift in Sources */ = {isa = PBXBuildFile; fileRef = 6E916E012C781CE3008B65A0 /* HomeInteractor.swift */; };
		6E916E0C2C781E51008B65A0 /* HomeError.swift in Sources */ = {isa = PBXBuildFile; fileRef = 6E916E0B2C781E51008B65A0 /* HomeError.swift */; };
		6E916E0E2C781E69008B65A0 /* HomeRouter.swift in Sources */ = {isa = PBXBuildFile; fileRef = 6E916E0D2C781E69008B65A0 /* HomeRouter.swift */; };
		6E916E102C781E73008B65A0 /* HomePresenter.swift in Sources */ = {isa = PBXBuildFile; fileRef = 6E916E0F2C781E73008B65A0 /* HomePresenter.swift */; };
		6E916E122C781E95008B65A0 /* HomeModels.swift in Sources */ = {isa = PBXBuildFile; fileRef = 6E916E112C781E95008B65A0 /* HomeModels.swift */; };
/* End PBXBuildFile section */

/* Begin PBXFileReference section */
		6E916DE62C781C52008B65A0 /* themovieapp.app */ = {isa = PBXFileReference; explicitFileType = wrapper.application; includeInIndex = 0; path = themovieapp.app; sourceTree = BUILT_PRODUCTS_DIR; };
		6E916DE92C781C52008B65A0 /* AppDelegate.swift */ = {isa = PBXFileReference; lastKnownFileType = sourcecode.swift; path = AppDelegate.swift; sourceTree = "<group>"; };
		6E916DEB2C781C52008B65A0 /* SceneDelegate.swift */ = {isa = PBXFileReference; lastKnownFileType = sourcecode.swift; path = SceneDelegate.swift; sourceTree = "<group>"; };
		6E916DED2C781C52008B65A0 /* ViewController.swift */ = {isa = PBXFileReference; lastKnownFileType = sourcecode.swift; path = ViewController.swift; sourceTree = "<group>"; };
		6E916DF02C781C52008B65A0 /* Base */ = {isa = PBXFileReference; lastKnownFileType = file.storyboard; name = Base; path = Base.lproj/Main.storyboard; sourceTree = "<group>"; };
		6E916DF22C781C59008B65A0 /* Assets.xcassets */ = {isa = PBXFileReference; lastKnownFileType = folder.assetcatalog; path = Assets.xcassets; sourceTree = "<group>"; };
		6E916DF52C781C59008B65A0 /* Base */ = {isa = PBXFileReference; lastKnownFileType = file.storyboard; name = Base; path = Base.lproj/LaunchScreen.storyboard; sourceTree = "<group>"; };
		6E916DF72C781C59008B65A0 /* Info.plist */ = {isa = PBXFileReference; lastKnownFileType = text.plist.xml; path = Info.plist; sourceTree = "<group>"; };
		6E916DFF2C781CD7008B65A0 /* HomeView.swift */ = {isa = PBXFileReference; lastKnownFileType = sourcecode.swift; path = HomeView.swift; sourceTree = "<group>"; };
		6E916E012C781CE3008B65A0 /* HomeInteractor.swift */ = {isa = PBXFileReference; lastKnownFileType = sourcecode.swift; path = HomeInteractor.swift; sourceTree = "<group>"; };
		6E916E0B2C781E51008B65A0 /* HomeError.swift */ = {isa = PBXFileReference; lastKnownFileType = sourcecode.swift; path = HomeError.swift; sourceTree = "<group>"; };
		6E916E0D2C781E69008B65A0 /* HomeRouter.swift */ = {isa = PBXFileReference; lastKnownFileType = sourcecode.swift; path = HomeRouter.swift; sourceTree = "<group>"; };
		6E916E0F2C781E73008B65A0 /* HomePresenter.swift */ = {isa = PBXFileReference; lastKnownFileType = sourcecode.swift; path = HomePresenter.swift; sourceTree = "<group>"; };
		6E916E112C781E95008B65A0 /* HomeModels.swift */ = {isa = PBXFileReference; lastKnownFileType = sourcecode.swift; path = HomeModels.swift; sourceTree = "<group>"; };
/* End PBXFileReference section */

/* Begin PBXFrameworksBuildPhase section */
		6E916DE32C781C52008B65A0 /* Frameworks */ = {
			isa = PBXFrameworksBuildPhase;
			buildActionMask = 2147483647;
			files = (
			);
			runOnlyForDeploymentPostprocessing = 0;
		};
/* End PBXFrameworksBuildPhase section */

/* Begin PBXGroup section */
		6E916DDD2C781C51008B65A0 = {
			isa = PBXGroup;
			children = (
				6E916DE82C781C52008B65A0 /* themovieapp */,
				6E916DE72C781C52008B65A0 /* Products */,
			);
			sourceTree = "<group>";
		};
		6E916DE72C781C52008B65A0 /* Products */ = {
			isa = PBXGroup;
			children = (
				6E916DE62C781C52008B65A0 /* themovieapp.app */,
			);
			name = Products;
			sourceTree = "<group>";
		};
		6E916DE82C781C52008B65A0 /* themovieapp */ = {
			isa = PBXGroup;
			children = (
				6E916DE92C781C52008B65A0 /* AppDelegate.swift */,
				6E916DEB2C781C52008B65A0 /* SceneDelegate.swift */,
				6E916DED2C781C52008B65A0 /* ViewController.swift */,
				6E916DFE2C781C8E008B65A0 /* ListOfMovies */,
				6E916DEF2C781C52008B65A0 /* Main.storyboard */,
				6E916DF22C781C59008B65A0 /* Assets.xcassets */,
				6E916DF42C781C59008B65A0 /* LaunchScreen.storyboard */,
				6E916DF72C781C59008B65A0 /* Info.plist */,
			);
			path = themovieapp;
			sourceTree = "<group>";
		};
		6E916DFE2C781C8E008B65A0 /* ListOfMovies */ = {
			isa = PBXGroup;
			children = (
				6E916E032C781D12008B65A0 /* Module */,
			);
			name = ListOfMovies;
			sourceTree = "<group>";
		};
		6E916E032C781D12008B65A0 /* Module */ = {
			isa = PBXGroup;
			children = (
				6E916E042C781D59008B65A0 /* ApplicationLogic */,
				6E916E052C781D65008B65A0 /* UserInterface */,
			);
			path = Module;
			sourceTree = "<group>";
		};
		6E916E042C781D59008B65A0 /* ApplicationLogic */ = {
			isa = PBXGroup;
			children = (
				6E916E0A2C781E02008B65A0 /* Interactor */,
				6E916E092C781DF9008B65A0 /* Configurator */,
			);
			name = ApplicationLogic;
			sourceTree = "<group>";
		};
		6E916E052C781D65008B65A0 /* UserInterface */ = {
			isa = PBXGroup;
			children = (
				6E916E082C781DAA008B65A0 /* View */,
				6E916E072C781DA4008B65A0 /* Router */,
				6E916E062C781D9F008B65A0 /* Presenter */,
			);
			path = UserInterface;
			sourceTree = "<group>";
		};
		6E916E062C781D9F008B65A0 /* Presenter */ = {
			isa = PBXGroup;
			children = (
				6E916E0F2C781E73008B65A0 /* HomePresenter.swift */,
			);
			name = Presenter;
			sourceTree = "<group>";
		};
		6E916E072C781DA4008B65A0 /* Router */ = {
			isa = PBXGroup;
			children = (
				6E916E0D2C781E69008B65A0 /* HomeRouter.swift */,
			);
			name = Router;
			sourceTree = "<group>";
		};
		6E916E082C781DAA008B65A0 /* View */ = {
			isa = PBXGroup;
			children = (
				6E916DFF2C781CD7008B65A0 /* HomeView.swift */,
			);
			path = View;
			sourceTree = "<group>";
		};
		6E916E092C781DF9008B65A0 /* Configurator */ = {
			isa = PBXGroup;
			children = (
				6E916E0B2C781E51008B65A0 /* HomeError.swift */,
				6E916E112C781E95008B65A0 /* HomeModels.swift */,
			);
			path = Configurator;
			sourceTree = "<group>";
		};
		6E916E0A2C781E02008B65A0 /* Interactor */ = {
			isa = PBXGroup;
			children = (
				6E916E012C781CE3008B65A0 /* HomeInteractor.swift */,
			);
			name = Interactor;
			sourceTree = "<group>";
		};
/* End PBXGroup section */

/* Begin PBXNativeTarget section */
		6E916DE52C781C52008B65A0 /* themovieapp */ = {
			isa = PBXNativeTarget;
			buildConfigurationList = 6E916DFA2C781C59008B65A0 /* Build configuration list for PBXNativeTarget "themovieapp" */;
			buildPhases = (
				6E916DE22C781C52008B65A0 /* Sources */,
				6E916DE32C781C52008B65A0 /* Frameworks */,
				6E916DE42C781C52008B65A0 /* Resources */,
			);
			buildRules = (
			);
			dependencies = (
			);
			name = themovieapp;
			productName = themovieapp;
			productReference = 6E916DE62C781C52008B65A0 /* themovieapp.app */;
			productType = "com.apple.product-type.application";
		};
/* End PBXNativeTarget section */

/* Begin PBXProject section */
		6E916DDE2C781C51008B65A0 /* Project object */ = {
			isa = PBXProject;
			attributes = {
				BuildIndependentTargetsInParallel = 1;
				LastSwiftUpdateCheck = 1510;
				LastUpgradeCheck = 1510;
				TargetAttributes = {
					6E916DE52C781C52008B65A0 = {
						CreatedOnToolsVersion = 15.1;
					};
				};
			};
			buildConfigurationList = 6E916DE12C781C51008B65A0 /* Build configuration list for PBXProject "themovieapp" */;
			compatibilityVersion = "Xcode 14.0";
			developmentRegion = en;
			hasScannedForEncodings = 0;
			knownRegions = (
				en,
				Base,
			);
			mainGroup = 6E916DDD2C781C51008B65A0;
			productRefGroup = 6E916DE72C781C52008B65A0 /* Products */;
			projectDirPath = "";
			projectRoot = "";
			targets = (
				6E916DE52C781C52008B65A0 /* themovieapp */,
			);
		};
/* End PBXProject section */

/* Begin PBXResourcesBuildPhase section */
		6E916DE42C781C52008B65A0 /* Resources */ = {
			isa = PBXResourcesBuildPhase;
			buildActionMask = 2147483647;
			files = (
				6E916DF62C781C59008B65A0 /* LaunchScreen.storyboard in Resources */,
				6E916DF32C781C59008B65A0 /* Assets.xcassets in Resources */,
				6E916DF12C781C52008B65A0 /* Main.storyboard in Resources */,
			);
			runOnlyForDeploymentPostprocessing = 0;
		};
/* End PBXResourcesBuildPhase section */

/* Begin PBXSourcesBuildPhase section */
		6E916DE22C781C52008B65A0 /* Sources */ = {
			isa = PBXSourcesBuildPhase;
			buildActionMask = 2147483647;
			files = (
				6E916E002C781CD7008B65A0 /* HomeView.swift in Sources */,
				6E916E122C781E95008B65A0 /* HomeModels.swift in Sources */,
				6E916DEE2C781C52008B65A0 /* ViewController.swift in Sources */,
				6E916E0E2C781E69008B65A0 /* HomeRouter.swift in Sources */,
				6E916DEA2C781C52008B65A0 /* AppDelegate.swift in Sources */,
				6E916E0C2C781E51008B65A0 /* HomeError.swift in Sources */,
				6E916E022C781CE3008B65A0 /* HomeInteractor.swift in Sources */,
				6E916DEC2C781C52008B65A0 /* SceneDelegate.swift in Sources */,
				6E916E102C781E73008B65A0 /* HomePresenter.swift in Sources */,
			);
			runOnlyForDeploymentPostprocessing = 0;
		};
/* End PBXSourcesBuildPhase section */

/* Begin PBXVariantGroup section */
		6E916DEF2C781C52008B65A0 /* Main.storyboard */ = {
			isa = PBXVariantGroup;
			children = (
				6E916DF02C781C52008B65A0 /* Base */,
			);
			name = Main.storyboard;
			sourceTree = "<group>";
		};
		6E916DF42C781C59008B65A0 /* LaunchScreen.storyboard */ = {
			isa = PBXVariantGroup;
			children = (
				6E916DF52C781C59008B65A0 /* Base */,
			);
			name = LaunchScreen.storyboard;
			sourceTree = "<group>";
		};
/* End PBXVariantGroup section */

/* Begin XCBuildConfiguration section */
		6E916DF82C781C59008B65A0 /* Debug */ = {
			isa = XCBuildConfiguration;
			buildSettings = {
				ALWAYS_SEARCH_USER_PATHS = NO;
				ASSETCATALOG_COMPILER_GENERATE_SWIFT_ASSET_SYMBOL_EXTENSIONS = YES;
				CLANG_ANALYZER_NONNULL = YES;
				CLANG_ANALYZER_NUMBER_OBJECT_CONVERSION = YES_AGGRESSIVE;
				CLANG_CXX_LANGUAGE_STANDARD = "gnu++20";
				CLANG_ENABLE_MODULES = YES;
				CLANG_ENABLE_OBJC_ARC = YES;
				CLANG_ENABLE_OBJC_WEAK = YES;
				CLANG_WARN_BLOCK_CAPTURE_AUTORELEASING = YES;
				CLANG_WARN_BOOL_CONVERSION = YES;
				CLANG_WARN_COMMA = YES;
				CLANG_WARN_CONSTANT_CONVERSION = YES;
				CLANG_WARN_DEPRECATED_OBJC_IMPLEMENTATIONS = YES;
				CLANG_WARN_DIRECT_OBJC_ISA_USAGE = YES_ERROR;
				CLANG_WARN_DOCUMENTATION_COMMENTS = YES;
				CLANG_WARN_EMPTY_BODY = YES;
				CLANG_WARN_ENUM_CONVERSION = YES;
				CLANG_WARN_INFINITE_RECURSION = YES;
				CLANG_WARN_INT_CONVERSION = YES;
				CLANG_WARN_NON_LITERAL_NULL_CONVERSION = YES;
				CLANG_WARN_OBJC_IMPLICIT_RETAIN_SELF = YES;
				CLANG_WARN_OBJC_LITERAL_CONVERSION = YES;
				CLANG_WARN_OBJC_ROOT_CLASS = YES_ERROR;
				CLANG_WARN_QUOTED_INCLUDE_IN_FRAMEWORK_HEADER = YES;
				CLANG_WARN_RANGE_LOOP_ANALYSIS = YES;
				CLANG_WARN_STRICT_PROTOTYPES = YES;
				CLANG_WARN_SUSPICIOUS_MOVE = YES;
				CLANG_WARN_UNGUARDED_AVAILABILITY = YES_AGGRESSIVE;
				CLANG_WARN_UNREACHABLE_CODE = YES;
				CLANG_WARN__DUPLICATE_METHOD_MATCH = YES;
				COPY_PHASE_STRIP = NO;
				DEBUG_INFORMATION_FORMAT = dwarf;
				ENABLE_STRICT_OBJC_MSGSEND = YES;
				ENABLE_TESTABILITY = YES;
				ENABLE_USER_SCRIPT_SANDBOXING = YES;
				GCC_C_LANGUAGE_STANDARD = gnu17;
				GCC_DYNAMIC_NO_PIC = NO;
				GCC_NO_COMMON_BLOCKS = YES;
				GCC_OPTIMIZATION_LEVEL = 0;
				GCC_PREPROCESSOR_DEFINITIONS = (
					"DEBUG=1",
					"$(inherited)",
				);
				GCC_WARN_64_TO_32_BIT_CONVERSION = YES;
				GCC_WARN_ABOUT_RETURN_TYPE = YES_ERROR;
				GCC_WARN_UNDECLARED_SELECTOR = YES;
				GCC_WARN_UNINITIALIZED_AUTOS = YES_AGGRESSIVE;
				GCC_WARN_UNUSED_FUNCTION = YES;
				GCC_WARN_UNUSED_VARIABLE = YES;
				IPHONEOS_DEPLOYMENT_TARGET = 17.2;
				LOCALIZATION_PREFERS_STRING_CATALOGS = YES;
				MTL_ENABLE_DEBUG_INFO = INCLUDE_SOURCE;
				MTL_FAST_MATH = YES;
				ONLY_ACTIVE_ARCH = YES;
				SDKROOT = iphoneos;
				SWIFT_ACTIVE_COMPILATION_CONDITIONS = "DEBUG $(inherited)";
				SWIFT_OPTIMIZATION_LEVEL = "-Onone";
			};
			name = Debug;
		};
		6E916DF92C781C59008B65A0 /* Release */ = {
			isa = XCBuildConfiguration;
			buildSettings = {
				ALWAYS_SEARCH_USER_PATHS = NO;
				ASSETCATALOG_COMPILER_GENERATE_SWIFT_ASSET_SYMBOL_EXTENSIONS = YES;
				CLANG_ANALYZER_NONNULL = YES;
				CLANG_ANALYZER_NUMBER_OBJECT_CONVERSION = YES_AGGRESSIVE;
				CLANG_CXX_LANGUAGE_STANDARD = "gnu++20";
				CLANG_ENABLE_MODULES = YES;
				CLANG_ENABLE_OBJC_ARC = YES;
				CLANG_ENABLE_OBJC_WEAK = YES;
				CLANG_WARN_BLOCK_CAPTURE_AUTORELEASING = YES;
				CLANG_WARN_BOOL_CONVERSION = YES;
				CLANG_WARN_COMMA = YES;
				CLANG_WARN_CONSTANT_CONVERSION = YES;
				CLANG_WARN_DEPRECATED_OBJC_IMPLEMENTATIONS = YES;
				CLANG_WARN_DIRECT_OBJC_ISA_USAGE = YES_ERROR;
				CLANG_WARN_DOCUMENTATION_COMMENTS = YES;
				CLANG_WARN_EMPTY_BODY = YES;
				CLANG_WARN_ENUM_CONVERSION = YES;
				CLANG_WARN_INFINITE_RECURSION = YES;
				CLANG_WARN_INT_CONVERSION = YES;
				CLANG_WARN_NON_LITERAL_NULL_CONVERSION = YES;
				CLANG_WARN_OBJC_IMPLICIT_RETAIN_SELF = YES;
				CLANG_WARN_OBJC_LITERAL_CONVERSION = YES;
				CLANG_WARN_OBJC_ROOT_CLASS = YES_ERROR;
				CLANG_WARN_QUOTED_INCLUDE_IN_FRAMEWORK_HEADER = YES;
				CLANG_WARN_RANGE_LOOP_ANALYSIS = YES;
				CLANG_WARN_STRICT_PROTOTYPES = YES;
				CLANG_WARN_SUSPICIOUS_MOVE = YES;
				CLANG_WARN_UNGUARDED_AVAILABILITY = YES_AGGRESSIVE;
				CLANG_WARN_UNREACHABLE_CODE = YES;
				CLANG_WARN__DUPLICATE_METHOD_MATCH = YES;
				COPY_PHASE_STRIP = NO;
				DEBUG_INFORMATION_FORMAT = "dwarf-with-dsym";
				ENABLE_NS_ASSERTIONS = NO;
				ENABLE_STRICT_OBJC_MSGSEND = YES;
				ENABLE_USER_SCRIPT_SANDBOXING = YES;
				GCC_C_LANGUAGE_STANDARD = gnu17;
				GCC_NO_COMMON_BLOCKS = YES;
				GCC_WARN_64_TO_32_BIT_CONVERSION = YES;
				GCC_WARN_ABOUT_RETURN_TYPE = YES_ERROR;
				GCC_WARN_UNDECLARED_SELECTOR = YES;
				GCC_WARN_UNINITIALIZED_AUTOS = YES_AGGRESSIVE;
				GCC_WARN_UNUSED_FUNCTION = YES;
				GCC_WARN_UNUSED_VARIABLE = YES;
				IPHONEOS_DEPLOYMENT_TARGET = 17.2;
				LOCALIZATION_PREFERS_STRING_CATALOGS = YES;
				MTL_ENABLE_DEBUG_INFO = NO;
				MTL_FAST_MATH = YES;
				SDKROOT = iphoneos;
				SWIFT_COMPILATION_MODE = wholemodule;
				VALIDATE_PRODUCT = YES;
			};
			name = Release;
		};
		6E916DFB2C781C59008B65A0 /* Debug */ = {
			isa = XCBuildConfiguration;
			buildSettings = {
				ASSETCATALOG_COMPILER_APPICON_NAME = AppIcon;
				ASSETCATALOG_COMPILER_GLOBAL_ACCENT_COLOR_NAME = AccentColor;
				CODE_SIGN_STYLE = Automatic;
				CURRENT_PROJECT_VERSION = 1;
				DEVELOPMENT_TEAM = 8N4L68RSBL;
				GENERATE_INFOPLIST_FILE = YES;
				INFOPLIST_FILE = themovieapp/Info.plist;
				INFOPLIST_KEY_UIApplicationSupportsIndirectInputEvents = YES;
				INFOPLIST_KEY_UILaunchStoryboardName = LaunchScreen;
				INFOPLIST_KEY_UIMainStoryboardFile = Main;
				INFOPLIST_KEY_UISupportedInterfaceOrientations_iPad = "UIInterfaceOrientationPortrait UIInterfaceOrientationPortraitUpsideDown UIInterfaceOrientationLandscapeLeft UIInterfaceOrientationLandscapeRight";
				INFOPLIST_KEY_UISupportedInterfaceOrientations_iPhone = "UIInterfaceOrientationPortrait UIInterfaceOrientationLandscapeLeft UIInterfaceOrientationLandscapeRight";
				LD_RUNPATH_SEARCH_PATHS = (
					"$(inherited)",
					"@executable_path/Frameworks",
				);
				MARKETING_VERSION = 1.0;
				PRODUCT_BUNDLE_IDENTIFIER = com.pablobenzo.themovieapp;
				PRODUCT_NAME = "$(TARGET_NAME)";
				SWIFT_EMIT_LOC_STRINGS = YES;
				SWIFT_VERSION = 5.0;
				TARGETED_DEVICE_FAMILY = "1,2";
			};
			name = Debug;
		};
		6E916DFC2C781C59008B65A0 /* Release */ = {
			isa = XCBuildConfiguration;
			buildSettings = {
				ASSETCATALOG_COMPILER_APPICON_NAME = AppIcon;
				ASSETCATALOG_COMPILER_GLOBAL_ACCENT_COLOR_NAME = AccentColor;
				CODE_SIGN_STYLE = Automatic;
				CURRENT_PROJECT_VERSION = 1;
				DEVELOPMENT_TEAM = 8N4L68RSBL;
				GENERATE_INFOPLIST_FILE = YES;
				INFOPLIST_FILE = themovieapp/Info.plist;
				INFOPLIST_KEY_UIApplicationSupportsIndirectInputEvents = YES;
				INFOPLIST_KEY_UILaunchStoryboardName = LaunchScreen;
				INFOPLIST_KEY_UIMainStoryboardFile = Main;
				INFOPLIST_KEY_UISupportedInterfaceOrientations_iPad = "UIInterfaceOrientationPortrait UIInterfaceOrientationPortraitUpsideDown UIInterfaceOrientationLandscapeLeft UIInterfaceOrientationLandscapeRight";
				INFOPLIST_KEY_UISupportedInterfaceOrientations_iPhone = "UIInterfaceOrientationPortrait UIInterfaceOrientationLandscapeLeft UIInterfaceOrientationLandscapeRight";
				LD_RUNPATH_SEARCH_PATHS = (
					"$(inherited)",
					"@executable_path/Frameworks",
				);
				MARKETING_VERSION = 1.0;
				PRODUCT_BUNDLE_IDENTIFIER = com.pablobenzo.themovieapp;
				PRODUCT_NAME = "$(TARGET_NAME)";
				SWIFT_EMIT_LOC_STRINGS = YES;
				SWIFT_VERSION = 5.0;
				TARGETED_DEVICE_FAMILY = "1,2";
			};
			name = Release;
		};
/* End XCBuildConfiguration section */

/* Begin XCConfigurationList section */
		6E916DE12C781C51008B65A0 /* Build configuration list for PBXProject "themovieapp" */ = {
			isa = XCConfigurationList;
			buildConfigurations = (
				6E916DF82C781C59008B65A0 /* Debug */,
				6E916DF92C781C59008B65A0 /* Release */,
			);
			defaultConfigurationIsVisible = 0;
			defaultConfigurationName = Release;
		};
		6E916DFA2C781C59008B65A0 /* Build configuration list for PBXNativeTarget "themovieapp" */ = {
			isa = XCConfigurationList;
			buildConfigurations = (
				6E916DFB2C781C59008B65A0 /* Debug */,
				6E916DFC2C781C59008B65A0 /* Release */,
			);
			defaultConfigurationIsVisible = 0;
			defaultConfigurationName = Release;
		};
/* End XCConfigurationList section */
	};
	rootObject = 6E916DDE2C781C51008B65A0 /* Project object */;
}
